{
  "name": "nestjs_opentelemetry",
  "version": "0.0.1",
  "lockfileVersion": 2,
  "requires": true,
  "packages": {
    "": {
      "version": "0.0.1",
      "license": "MIT",
      "dependencies": {
        "@nestjs/common": "^7.6.17",
        "@nestjs/core": "^7.6.17",
        "@opentelemetry/api": "^0.20.0",
        "@opentelemetry/sdk-node": "^0.20.0"
      },
      "devDependencies": {
        "@types/node": "^15.12.1"
      }
    },
    "node_modules/@nestjs/common": {
      "version": "7.6.17",
      "resolved": "https://registry.npmjs.org/@nestjs/common/-/common-7.6.17.tgz",
      "integrity": "sha512-RHvD32FxfV7yDWX9GPmn0ZSv7ka5kLeVamU5ZpoXSTUjkGqWFt3MTyIP+HUQD2778kDqT+CgEtVJ1fxDG5Oh9g==",
      "dependencies": {
        "axios": "0.21.1",
        "iterare": "1.2.1",
        "tslib": "2.2.0",
        "uuid": "8.3.2"
      },
      "funding": {
        "type": "opencollective",
        "url": "https://opencollective.com/nest"
      },
      "peerDependencies": {
        "cache-manager": "*",
        "class-transformer": "*",
        "class-validator": "*",
        "reflect-metadata": "^0.1.12",
        "rxjs": "^6.0.0"
      },
      "peerDependenciesMeta": {
        "cache-manager": {
          "optional": true
        },
        "class-transformer": {
          "optional": true
        },
        "class-validator": {
          "optional": true
        }
      }
    },
    "node_modules/@nestjs/core": {
      "version": "7.6.17",
      "resolved": "https://registry.npmjs.org/@nestjs/core/-/core-7.6.17.tgz",
      "integrity": "sha512-dH7PGDj1dvBfOYgxJlxh54vdnFFSLst7+Spg3E7Jpo+n11Ht5Ee5mTjSzXieRVfFba/sI3NIHF/N1stn36bU9w==",
      "hasInstallScript": true,
      "dependencies": {
        "@nuxtjs/opencollective": "0.3.2",
        "fast-safe-stringify": "2.0.7",
        "iterare": "1.2.1",
        "object-hash": "2.1.1",
        "path-to-regexp": "3.2.0",
        "tslib": "2.2.0",
        "uuid": "8.3.2"
      },
      "funding": {
        "type": "opencollective",
        "url": "https://opencollective.com/nest"
      },
      "peerDependencies": {
        "@nestjs/common": "^7.0.0",
        "@nestjs/microservices": "^7.0.0",
        "@nestjs/platform-express": "^7.0.0",
        "@nestjs/websockets": "^7.0.0",
        "reflect-metadata": "^0.1.12",
        "rxjs": "^6.0.0"
      },
      "peerDependenciesMeta": {
        "@nestjs/microservices": {
          "optional": true
        },
        "@nestjs/platform-express": {
          "optional": true
        },
        "@nestjs/websockets": {
          "optional": true
        }
      }
    },
    "node_modules/@nuxtjs/opencollective": {
      "version": "0.3.2",
      "resolved": "https://registry.npmjs.org/@nuxtjs/opencollective/-/opencollective-0.3.2.tgz",
      "integrity": "sha512-um0xL3fO7Mf4fDxcqx9KryrB7zgRM5JSlvGN5AGkP6JLM5XEKyjeAiPbNxdXVXQ16isuAhYpvP88NgL2BGd6aA==",
      "dependencies": {
        "chalk": "^4.1.0",
        "consola": "^2.15.0",
        "node-fetch": "^2.6.1"
      },
      "bin": {
        "opencollective": "bin/opencollective.js"
      },
      "engines": {
        "node": ">=8.0.0",
        "npm": ">=5.0.0"
      }
    },
    "node_modules/@opentelemetry/api": {
      "version": "0.20.0",
      "resolved": "https://registry.npmjs.org/@opentelemetry/api/-/api-0.20.0.tgz",
      "integrity": "sha512-n06MtDYEc2H07S/NTvGMlxF2Ijp0YbNrI/rBgLcxpEh3hxOkPZA12gxlUoZkBHWCZYau2j3b/uL+QFpiQKOjSw==",
      "engines": {
        "node": ">=8.0.0"
      }
    },
    "node_modules/@opentelemetry/api-metrics": {
      "version": "0.20.0",
      "resolved": "https://registry.npmjs.org/@opentelemetry/api-metrics/-/api-metrics-0.20.0.tgz",
      "integrity": "sha512-S/OeOuk5W8nlv2dp4JQmIzZvafpOKhEb4j9gWdWQaM0+U+Cv+yQlboeTQHFcpj5obwJ7AzTHrwnL6ApV8dtmuw==",
      "engines": {
        "node": ">=8.0.0"
      },
      "peerDependencies": {
        "@opentelemetry/api": "^0.20.0"
      }
    },
    "node_modules/@opentelemetry/context-async-hooks": {
      "version": "0.20.0",
      "resolved": "https://registry.npmjs.org/@opentelemetry/context-async-hooks/-/context-async-hooks-0.20.0.tgz",
      "integrity": "sha512-4cuTIPpufWRDdShtvT0c30/jHfO9eXzUh6tU087J8aO8J/hckyCIlN03eB7pfqPwQzLnWONGdHOpGjLSY7q4tg==",
      "engines": {
        "node": ">=8.1.0"
      },
      "peerDependencies": {
        "@opentelemetry/api": "^0.20.0"
      }
    },
    "node_modules/@opentelemetry/core": {
      "version": "0.20.0",
      "resolved": "https://registry.npmjs.org/@opentelemetry/core/-/core-0.20.0.tgz",
      "integrity": "sha512-09zQqB4vp2jcyBnglA/TFklDQoVgWrFKtr9pDm0q3Oa1bD2Hwpq+JapBAw18YdMQsLNQM/qsXhFlS3gFDVEy4A==",
      "dependencies": {
        "@opentelemetry/semantic-conventions": "0.20.0",
        "semver": "^7.1.3"
      },
      "engines": {
        "node": ">=8.5.0"
      },
      "peerDependencies": {
        "@opentelemetry/api": "^0.20.0"
      }
    },
    "node_modules/@opentelemetry/instrumentation": {
      "version": "0.20.0",
      "resolved": "https://registry.npmjs.org/@opentelemetry/instrumentation/-/instrumentation-0.20.0.tgz",
      "integrity": "sha512-Ts8Xzo95oS6DVusYKHogr0ZiG/dQg2eBgWX6POOPv9uTk47Q1Z6TcN29/eC6BG+aH+eNHpdMey166hzpX86euw==",
      "dependencies": {
        "@opentelemetry/api-metrics": "0.20.0",
        "require-in-the-middle": "^5.0.3",
        "semver": "^7.3.2",
        "shimmer": "^1.2.1"
      },
      "peerDependencies": {
        "@opentelemetry/api": "^0.20.0"
      }
    },
    "node_modules/@opentelemetry/metrics": {
      "version": "0.20.0",
      "resolved": "https://registry.npmjs.org/@opentelemetry/metrics/-/metrics-0.20.0.tgz",
      "integrity": "sha512-1jqtRvI+AdRIG+Up8njOgooOxa570uoWTKgokanllcCRp2gOOnkgLQ8YQhbArX0F4Xi2FHYe7o5vDO3J0Aj5kA==",
      "dependencies": {
        "@opentelemetry/api-metrics": "0.20.0",
        "@opentelemetry/core": "0.20.0",
        "@opentelemetry/resources": "0.20.0",
        "lodash.merge": "^4.6.2"
      },
      "engines": {
        "node": ">=8.0.0"
      },
      "peerDependencies": {
        "@opentelemetry/api": "^0.20.0"
      }
    },
    "node_modules/@opentelemetry/node": {
      "version": "0.20.0",
      "resolved": "https://registry.npmjs.org/@opentelemetry/node/-/node-0.20.0.tgz",
      "integrity": "sha512-MVwnH/AoHQTz1jOhJTYXoAoQD4CA/3L7QQkiiA93f6QGaWKIHjI/+3fUtA/GCfPR9Kf0sItQ/aag8KtCJClPCw==",
      "dependencies": {
        "@opentelemetry/context-async-hooks": "0.20.0",
        "@opentelemetry/core": "0.20.0",
        "@opentelemetry/propagator-b3": "0.20.0",
        "@opentelemetry/propagator-jaeger": "0.20.0",
        "@opentelemetry/tracing": "0.20.0",
        "semver": "^7.1.3"
      },
      "engines": {
        "node": ">=8.0.0"
      },
      "peerDependencies": {
        "@opentelemetry/api": "^0.20.0"
      }
    },
    "node_modules/@opentelemetry/propagator-b3": {
      "version": "0.20.0",
      "resolved": "https://registry.npmjs.org/@opentelemetry/propagator-b3/-/propagator-b3-0.20.0.tgz",
      "integrity": "sha512-TGI2D45oUVlbXVEWDedqxwO0WUtzchN/tuYghEHjRTNcVLLKT2ci9JwzHormC+ls98SYPDfvuzpB0+ParoexPQ==",
      "dependencies": {
        "@opentelemetry/core": "0.20.0"
      },
      "engines": {
        "node": ">=8.0.0"
      },
      "peerDependencies": {
        "@opentelemetry/api": "^0.20.0"
      }
    },
    "node_modules/@opentelemetry/propagator-jaeger": {
      "version": "0.20.0",
      "resolved": "https://registry.npmjs.org/@opentelemetry/propagator-jaeger/-/propagator-jaeger-0.20.0.tgz",
      "integrity": "sha512-6kdnd1ePADx4XDaFw4Ea47fdIZohhJbd30Fc4yvl0DO+RR5WEAiAho0IsoTj6L/qvOb/+LAfvjvdk2UOXgb/3Q==",
      "dependencies": {
        "@opentelemetry/core": "0.20.0"
      },
      "engines": {
        "node": ">=8.5.0"
      },
      "peerDependencies": {
        "@opentelemetry/api": "^0.20.0"
      }
    },
    "node_modules/@opentelemetry/resource-detector-aws": {
      "version": "0.20.0",
      "resolved": "https://registry.npmjs.org/@opentelemetry/resource-detector-aws/-/resource-detector-aws-0.20.0.tgz",
      "integrity": "sha512-Mtrxx9Uf9C1RiZrnajiscJJZI9hka4kio4Aes7MZ9EPo0C+92oPVN/sn4Wlr4eVLa5oE3gOgulSPAAQWb0G7kg==",
      "dependencies": {
        "@opentelemetry/core": "0.20.0",
        "@opentelemetry/resources": "0.20.0",
        "@opentelemetry/semantic-conventions": "0.20.0"
      },
      "engines": {
        "node": ">=8.0.0"
      },
      "peerDependencies": {
        "@opentelemetry/api": "^0.20.0"
      }
    },
    "node_modules/@opentelemetry/resource-detector-gcp": {
      "version": "0.20.0",
      "resolved": "https://registry.npmjs.org/@opentelemetry/resource-detector-gcp/-/resource-detector-gcp-0.20.0.tgz",
      "integrity": "sha512-+vD25qCtnChNgd1HeQFgm3olTOYqchwogszyWS//6KaM2If3SIs+5pWi4Gll8fHzGPaV5Qa2RFPPhKXrEhD3cw==",
      "dependencies": {
        "@opentelemetry/resources": "0.20.0",
        "@opentelemetry/semantic-conventions": "0.20.0",
        "gcp-metadata": "^4.1.4",
        "semver": "7.3.5"
      },
      "engines": {
        "node": ">=10.0.0"
      },
      "peerDependencies": {
        "@opentelemetry/api": "^0.20.0"
      }
    },
    "node_modules/@opentelemetry/resources": {
      "version": "0.20.0",
      "resolved": "https://registry.npmjs.org/@opentelemetry/resources/-/resources-0.20.0.tgz",
      "integrity": "sha512-nnd3vIM+A9ih6kOVBc2CF5NkTYmdNci5aQ+A5lQjf3HqjEptcGubpg1J1Q84LSFVoITvuH2O6+GhPBrdxYBt8g==",
      "dependencies": {
        "@opentelemetry/core": "0.20.0",
        "@opentelemetry/semantic-conventions": "0.20.0"
      },
      "engines": {
        "node": ">=8.0.0"
      },
      "peerDependencies": {
        "@opentelemetry/api": "^0.20.0"
      }
    },
    "node_modules/@opentelemetry/sdk-node": {
      "version": "0.20.0",
      "resolved": "https://registry.npmjs.org/@opentelemetry/sdk-node/-/sdk-node-0.20.0.tgz",
      "integrity": "sha512-jSG9Bshsjx4hGXR9lb6XwVWhpPaj0yKqlca/0k6BxXVTmCLpAz9mmVarbzLGUvzvTPu5LtUriqcL2f4iRMvKAA==",
      "dependencies": {
        "@opentelemetry/api-metrics": "0.20.0",
        "@opentelemetry/core": "0.20.0",
        "@opentelemetry/instrumentation": "0.20.0",
        "@opentelemetry/metrics": "0.20.0",
        "@opentelemetry/node": "0.20.0",
        "@opentelemetry/resource-detector-aws": "0.20.0",
        "@opentelemetry/resource-detector-gcp": "0.20.0",
        "@opentelemetry/resources": "0.20.0",
        "@opentelemetry/tracing": "0.20.0"
      },
      "engines": {
        "node": ">=8.0.0"
      },
      "peerDependencies": {
        "@opentelemetry/api": "^0.20.0"
      }
    },
    "node_modules/@opentelemetry/semantic-conventions": {
      "version": "0.20.0",
      "resolved": "https://registry.npmjs.org/@opentelemetry/semantic-conventions/-/semantic-conventions-0.20.0.tgz",
      "integrity": "sha512-x40C3vQMttFlnNEfhFwO49jHrY6AoWnntL35TCem3LINr/aw1W0hGhdKY/zweC64CBJEyiHumaae480rqF8eOA==",
      "engines": {
        "node": ">=8.0.0"
      }
    },
    "node_modules/@opentelemetry/tracing": {
      "version": "0.20.0",
      "resolved": "https://registry.npmjs.org/@opentelemetry/tracing/-/tracing-0.20.0.tgz",
      "integrity": "sha512-8ZIH0IBxIucgza0BFNiCCLByUsvu45Dm5k292RlO/E8Z1q/J7otJmh9r/EkaFb0ZSyjNdawmJ1CXnlU7+IQN1w==",
      "dependencies": {
        "@opentelemetry/core": "0.20.0",
        "@opentelemetry/resources": "0.20.0",
        "@opentelemetry/semantic-conventions": "0.20.0",
        "lodash.merge": "^4.6.2"
      },
      "engines": {
        "node": ">=8.0.0"
      },
      "peerDependencies": {
        "@opentelemetry/api": "^0.20.0"
      }
    },
    "node_modules/@types/node": {
      "version": "15.12.1",
      "resolved": "https://registry.npmjs.org/@types/node/-/node-15.12.1.tgz",
      "integrity": "sha512-zyxJM8I1c9q5sRMtVF+zdd13Jt6RU4r4qfhTd7lQubyThvLfx6yYekWSQjGCGV2Tkecgxnlpl/DNlb6Hg+dmEw==",
      "dev": true
    },
    "node_modules/abort-controller": {
      "version": "3.0.0",
      "resolved": "https://registry.npmjs.org/abort-controller/-/abort-controller-3.0.0.tgz",
      "integrity": "sha512-h8lQ8tacZYnR3vNQTgibj+tODHI5/+l06Au2Pcriv/Gmet0eaj4TwWH41sO9wnHDiQsEj19q0drzdWdeAHtweg==",
      "dependencies": {
        "event-target-shim": "^5.0.0"
      },
      "engines": {
        "node": ">=6.5"
      }
    },
    "node_modules/agent-base": {
      "version": "6.0.2",
      "resolved": "https://registry.npmjs.org/agent-base/-/agent-base-6.0.2.tgz",
      "integrity": "sha512-RZNwNclF7+MS/8bDg70amg32dyeZGZxiDuQmZxKLAlQjr3jGyLx+4Kkk58UO7D2QdgFIQCovuSuZESne6RG6XQ==",
      "dependencies": {
        "debug": "4"
      },
      "engines": {
        "node": ">= 6.0.0"
      }
    },
    "node_modules/ansi-styles": {
      "version": "4.3.0",
      "resolved": "https://registry.npmjs.org/ansi-styles/-/ansi-styles-4.3.0.tgz",
      "integrity": "sha512-zbB9rCJAT1rbjiVDb2hqKFHNYLxgtk8NURxZ3IZwD3F6NtxbXZQCnnSi1Lkx+IDohdPlFp222wVALIheZJQSEg==",
      "dependencies": {
        "color-convert": "^2.0.1"
      },
      "engines": {
        "node": ">=8"
      },
      "funding": {
        "url": "https://github.com/chalk/ansi-styles?sponsor=1"
      }
    },
    "node_modules/axios": {
      "version": "0.21.1",
      "resolved": "https://registry.npmjs.org/axios/-/axios-0.21.1.tgz",
      "integrity": "sha512-dKQiRHxGD9PPRIUNIWvZhPTPpl1rf/OxTYKsqKUDjBwYylTvV7SjSHJb9ratfyzM6wCdLCOYLzs73qpg5c4iGA==",
      "dependencies": {
        "follow-redirects": "^1.10.0"
      }
    },
    "node_modules/bignumber.js": {
      "version": "9.0.1",
      "resolved": "https://registry.npmjs.org/bignumber.js/-/bignumber.js-9.0.1.tgz",
      "integrity": "sha512-IdZR9mh6ahOBv/hYGiXyVuyCetmGJhtYkqLBpTStdhEGjegpPlUawydyaF3pbIOFynJTpllEs+NP+CS9jKFLjA==",
      "engines": {
        "node": "*"
      }
    },
    "node_modules/chalk": {
      "version": "4.1.1",
      "resolved": "https://registry.npmjs.org/chalk/-/chalk-4.1.1.tgz",
      "integrity": "sha512-diHzdDKxcU+bAsUboHLPEDQiw0qEe0qd7SYUn3HgcFlWgbDcfLGswOHYeGrHKzG9z6UYf01d9VFMfZxPM1xZSg==",
      "dependencies": {
        "ansi-styles": "^4.1.0",
        "supports-color": "^7.1.0"
      },
      "engines": {
        "node": ">=10"
      },
      "funding": {
        "url": "https://github.com/chalk/chalk?sponsor=1"
      }
    },
    "node_modules/color-convert": {
      "version": "2.0.1",
      "resolved": "https://registry.npmjs.org/color-convert/-/color-convert-2.0.1.tgz",
      "integrity": "sha512-RRECPsj7iu/xb5oKYcsFHSppFNnsj/52OVTRKb4zP5onXwVF3zVmmToNcOfGC+CRDpfK/U584fMg38ZHCaElKQ==",
      "dependencies": {
        "color-name": "~1.1.4"
      },
      "engines": {
        "node": ">=7.0.0"
      }
    },
    "node_modules/color-name": {
      "version": "1.1.4",
      "resolved": "https://registry.npmjs.org/color-name/-/color-name-1.1.4.tgz",
      "integrity": "sha512-dOy+3AuW3a2wNbZHIuMZpTcgjGuLU/uBL/ubcZF9OXbDo8ff4O8yVp5Bf0efS8uEoYo5q4Fx7dY9OgQGXgAsQA=="
    },
    "node_modules/consola": {
      "version": "2.15.3",
      "resolved": "https://registry.npmjs.org/consola/-/consola-2.15.3.tgz",
      "integrity": "sha512-9vAdYbHj6x2fLKC4+oPH0kFzY/orMZyG2Aj+kNylHxKGJ/Ed4dpNyAQYwJOdqO4zdM7XpVHmyejQDcQHrnuXbw=="
    },
    "node_modules/debug": {
      "version": "4.3.1",
      "resolved": "https://registry.npmjs.org/debug/-/debug-4.3.1.tgz",
      "integrity": "sha512-doEwdvm4PCeK4K3RQN2ZC2BYUBaxwLARCqZmMjtF8a51J2Rb0xpVloFRnCODwqjpwnAoao4pelN8l3RJdv3gRQ==",
      "dependencies": {
        "ms": "2.1.2"
      },
      "engines": {
        "node": ">=6.0"
      },
      "peerDependenciesMeta": {
        "supports-color": {
          "optional": true
        }
      }
    },
    "node_modules/event-target-shim": {
      "version": "5.0.1",
      "resolved": "https://registry.npmjs.org/event-target-shim/-/event-target-shim-5.0.1.tgz",
      "integrity": "sha512-i/2XbnSz/uxRCU6+NdVJgKWDTM427+MqYbkQzD321DuCQJUqOuJKIA0IM2+W2xtYHdKOmZ4dR6fExsd4SXL+WQ==",
      "engines": {
        "node": ">=6"
      }
    },
    "node_modules/extend": {
      "version": "3.0.2",
      "resolved": "https://registry.npmjs.org/extend/-/extend-3.0.2.tgz",
      "integrity": "sha512-fjquC59cD7CyW6urNXK0FBufkZcoiGG80wTuPujX590cB5Ttln20E2UB4S/WARVqhXffZl2LNgS+gQdPIIim/g=="
    },
    "node_modules/fast-safe-stringify": {
      "version": "2.0.7",
      "resolved": "https://registry.npmjs.org/fast-safe-stringify/-/fast-safe-stringify-2.0.7.tgz",
      "integrity": "sha512-Utm6CdzT+6xsDk2m8S6uL8VHxNwI6Jub+e9NYTcAms28T84pTa25GJQV9j0CY0N1rM8hK4x6grpF2BQf+2qwVA=="
    },
    "node_modules/follow-redirects": {
      "version": "1.14.1",
      "resolved": "https://registry.npmjs.org/follow-redirects/-/follow-redirects-1.14.1.tgz",
      "integrity": "sha512-HWqDgT7ZEkqRzBvc2s64vSZ/hfOceEol3ac/7tKwzuvEyWx3/4UegXh5oBOIotkGsObyk3xznnSRVADBgWSQVg==",
      "funding": [
        {
          "type": "individual",
          "url": "https://github.com/sponsors/RubenVerborgh"
        }
      ],
      "engines": {
        "node": ">=4.0"
      },
      "peerDependenciesMeta": {
        "debug": {
          "optional": true
        }
      }
    },
    "node_modules/function-bind": {
      "version": "1.1.1",
      "resolved": "https://registry.npmjs.org/function-bind/-/function-bind-1.1.1.tgz",
      "integrity": "sha512-yIovAzMX49sF8Yl58fSCWJ5svSLuaibPxXQJFLmBObTuCr0Mf1KiPopGM9NiFjiYBCbfaa2Fh6breQ6ANVTI0A=="
    },
    "node_modules/gaxios": {
      "version": "4.3.0",
      "resolved": "https://registry.npmjs.org/gaxios/-/gaxios-4.3.0.tgz",
      "integrity": "sha512-pHplNbslpwCLMyII/lHPWFQbJWOX0B3R1hwBEOvzYi1GmdKZruuEHK4N9V6f7tf1EaPYyF80mui1+344p6SmLg==",
      "dependencies": {
        "abort-controller": "^3.0.0",
        "extend": "^3.0.2",
        "https-proxy-agent": "^5.0.0",
        "is-stream": "^2.0.0",
        "node-fetch": "^2.3.0"
      },
      "engines": {
        "node": ">=10"
      }
    },
    "node_modules/gcp-metadata": {
      "version": "4.2.1",
      "resolved": "https://registry.npmjs.org/gcp-metadata/-/gcp-metadata-4.2.1.tgz",
      "integrity": "sha512-tSk+REe5iq/N+K+SK1XjZJUrFPuDqGZVzCy2vocIHIGmPlTGsa8owXMJwGkrXr73NO0AzhPW4MF2DEHz7P2AVw==",
      "dependencies": {
        "gaxios": "^4.0.0",
        "json-bigint": "^1.0.0"
      },
      "engines": {
        "node": ">=10"
      }
    },
    "node_modules/has": {
      "version": "1.0.3",
      "resolved": "https://registry.npmjs.org/has/-/has-1.0.3.tgz",
      "integrity": "sha512-f2dvO0VU6Oej7RkWJGrehjbzMAjFp5/VKPp5tTpWIV4JHHZK1/BxbFRtf/siA2SWTe09caDmVtYYzWEIbBS4zw==",
      "dependencies": {
        "function-bind": "^1.1.1"
      },
      "engines": {
        "node": ">= 0.4.0"
      }
    },
    "node_modules/has-flag": {
      "version": "4.0.0",
      "resolved": "https://registry.npmjs.org/has-flag/-/has-flag-4.0.0.tgz",
      "integrity": "sha512-EykJT/Q1KjTWctppgIAgfSO0tKVuZUjhgMr17kqTumMl6Afv3EISleU7qZUzoXDFTAHTDC4NOoG/ZxU3EvlMPQ==",
      "engines": {
        "node": ">=8"
      }
    },
    "node_modules/https-proxy-agent": {
      "version": "5.0.0",
      "resolved": "https://registry.npmjs.org/https-proxy-agent/-/https-proxy-agent-5.0.0.tgz",
      "integrity": "sha512-EkYm5BcKUGiduxzSt3Eppko+PiNWNEpa4ySk9vTC6wDsQJW9rHSa+UhGNJoRYp7bz6Ht1eaRIa6QaJqO5rCFbA==",
      "dependencies": {
        "agent-base": "6",
        "debug": "4"
      },
      "engines": {
        "node": ">= 6"
      }
    },
    "node_modules/is-core-module": {
      "version": "2.4.0",
      "resolved": "https://registry.npmjs.org/is-core-module/-/is-core-module-2.4.0.tgz",
      "integrity": "sha512-6A2fkfq1rfeQZjxrZJGerpLCTHRNEBiSgnu0+obeJpEPZRUooHgsizvzv0ZjJwOz3iWIHdJtVWJ/tmPr3D21/A==",
      "dependencies": {
        "has": "^1.0.3"
      },
      "funding": {
        "url": "https://github.com/sponsors/ljharb"
      }
    },
    "node_modules/is-stream": {
      "version": "2.0.0",
      "resolved": "https://registry.npmjs.org/is-stream/-/is-stream-2.0.0.tgz",
      "integrity": "sha512-XCoy+WlUr7d1+Z8GgSuXmpuUFC9fOhRXglJMx+dwLKTkL44Cjd4W1Z5P+BQZpr+cR93aGP4S/s7Ftw6Nd/kiEw==",
      "engines": {
        "node": ">=8"
      }
    },
    "node_modules/iterare": {
      "version": "1.2.1",
      "resolved": "https://registry.npmjs.org/iterare/-/iterare-1.2.1.tgz",
      "integrity": "sha512-RKYVTCjAnRthyJes037NX/IiqeidgN1xc3j1RjFfECFp28A1GVwK9nA+i0rJPaHqSZwygLzRnFlzUuHFoWWy+Q==",
      "engines": {
        "node": ">=6"
      }
    },
    "node_modules/json-bigint": {
      "version": "1.0.0",
      "resolved": "https://registry.npmjs.org/json-bigint/-/json-bigint-1.0.0.tgz",
      "integrity": "sha512-SiPv/8VpZuWbvLSMtTDU8hEfrZWg/mH/nV/b4o0CYbSxu1UIQPLdwKOCIyLQX+VIPO5vrLX3i8qtqFyhdPSUSQ==",
      "dependencies": {
        "bignumber.js": "^9.0.0"
      }
    },
    "node_modules/lodash.merge": {
      "version": "4.6.2",
      "resolved": "https://registry.npmjs.org/lodash.merge/-/lodash.merge-4.6.2.tgz",
      "integrity": "sha512-0KpjqXRVvrYyCsX1swR/XTK0va6VQkQM6MNo7PqW77ByjAhoARA8EfrP1N4+KlKj8YS0ZUCtRT/YUuhyYDujIQ=="
    },
    "node_modules/lru-cache": {
      "version": "6.0.0",
      "resolved": "https://registry.npmjs.org/lru-cache/-/lru-cache-6.0.0.tgz",
      "integrity": "sha512-Jo6dJ04CmSjuznwJSS3pUeWmd/H0ffTlkXXgwZi+eq1UCmqQwCh+eLsYOYCwY991i2Fah4h1BEMCx4qThGbsiA==",
      "dependencies": {
        "yallist": "^4.0.0"
      },
      "engines": {
        "node": ">=10"
      }
    },
    "node_modules/module-details-from-path": {
      "version": "1.0.3",
      "resolved": "https://registry.npmjs.org/module-details-from-path/-/module-details-from-path-1.0.3.tgz",
      "integrity": "sha1-EUyUlnPiqKNenTV4hSeqN7Z52is="
    },
    "node_modules/ms": {
      "version": "2.1.2",
      "resolved": "https://registry.npmjs.org/ms/-/ms-2.1.2.tgz",
      "integrity": "sha512-sGkPx+VjMtmA6MX27oA4FBFELFCZZ4S4XqeGOXCv68tT+jb3vk/RyaKWP0PTKyWtmLSM0b+adUTEvbs1PEaH2w=="
    },
    "node_modules/node-fetch": {
      "version": "2.6.1",
      "resolved": "https://registry.npmjs.org/node-fetch/-/node-fetch-2.6.1.tgz",
      "integrity": "sha512-V4aYg89jEoVRxRb2fJdAg8FHvI7cEyYdVAh94HH0UIK8oJxUfkjlDQN9RbMx+bEjP7+ggMiFRprSti032Oipxw==",
      "engines": {
        "node": "4.x || >=6.0.0"
      }
    },
    "node_modules/object-hash": {
      "version": "2.1.1",
      "resolved": "https://registry.npmjs.org/object-hash/-/object-hash-2.1.1.tgz",
      "integrity": "sha512-VOJmgmS+7wvXf8CjbQmimtCnEx3IAoLxI3fp2fbWehxrWBcAQFbk+vcwb6vzR0VZv/eNCJ/27j151ZTwqW/JeQ==",
      "engines": {
        "node": ">= 6"
      }
    },
    "node_modules/path-parse": {
      "version": "1.0.7",
      "resolved": "https://registry.npmjs.org/path-parse/-/path-parse-1.0.7.tgz",
      "integrity": "sha512-LDJzPVEEEPR+y48z93A0Ed0yXb8pAByGWo/k5YYdYgpY2/2EsOsksJrq7lOHxryrVOn1ejG6oAp8ahvOIQD8sw=="
    },
    "node_modules/path-to-regexp": {
      "version": "3.2.0",
      "resolved": "https://registry.npmjs.org/path-to-regexp/-/path-to-regexp-3.2.0.tgz",
      "integrity": "sha512-jczvQbCUS7XmS7o+y1aEO9OBVFeZBQ1MDSEqmO7xSoPgOPoowY/SxLpZ6Vh97/8qHZOteiCKb7gkG9gA2ZUxJA=="
    },
    "node_modules/reflect-metadata": {
      "version": "0.1.13",
      "resolved": "https://registry.npmjs.org/reflect-metadata/-/reflect-metadata-0.1.13.tgz",
      "integrity": "sha512-Ts1Y/anZELhSsjMcU605fU9RE4Oi3p5ORujwbIKXfWa+0Zxs510Qrmrce5/Jowq3cHSZSJqBjypxmHarc+vEWg==",
      "peer": true
    },
    "node_modules/require-in-the-middle": {
      "version": "5.1.0",
      "resolved": "https://registry.npmjs.org/require-in-the-middle/-/require-in-the-middle-5.1.0.tgz",
      "integrity": "sha512-M2rLKVupQfJ5lf9OvqFGIT+9iVLnTmjgbOmpil12hiSQNn5zJTKGPoIisETNjfK+09vP3rpm1zJajmErpr2sEQ==",
      "dependencies": {
        "debug": "^4.1.1",
        "module-details-from-path": "^1.0.3",
        "resolve": "^1.12.0"
      }
    },
    "node_modules/resolve": {
      "version": "1.20.0",
      "resolved": "https://registry.npmjs.org/resolve/-/resolve-1.20.0.tgz",
      "integrity": "sha512-wENBPt4ySzg4ybFQW2TT1zMQucPK95HSh/nq2CFTZVOGut2+pQvSsgtda4d26YrYcr067wjbmzOG8byDPBX63A==",
      "dependencies": {
        "is-core-module": "^2.2.0",
        "path-parse": "^1.0.6"
      },
      "funding": {
        "url": "https://github.com/sponsors/ljharb"
      }
    },
    "node_modules/rxjs": {
      "version": "6.6.7",
      "resolved": "https://registry.npmjs.org/rxjs/-/rxjs-6.6.7.tgz",
      "integrity": "sha512-hTdwr+7yYNIT5n4AMYp85KA6yw2Va0FLa3Rguvbpa4W3I5xynaBZo41cM3XM+4Q6fRMj3sBYIR1VAmZMXYJvRQ==",
      "peer": true,
      "dependencies": {
        "tslib": "^1.9.0"
      },
      "engines": {
        "npm": ">=2.0.0"
      }
    },
    "node_modules/rxjs/node_modules/tslib": {
      "version": "1.14.1",
      "resolved": "https://registry.npmjs.org/tslib/-/tslib-1.14.1.tgz",
      "integrity": "sha512-Xni35NKzjgMrwevysHTCArtLDpPvye8zV/0E4EyYn43P7/7qvQwPh9BGkHewbMulVntbigmcT7rdX3BNo9wRJg==",
      "peer": true
    },
    "node_modules/semver": {
      "version": "7.3.5",
      "resolved": "https://registry.npmjs.org/semver/-/semver-7.3.5.tgz",
      "integrity": "sha512-PoeGJYh8HK4BTO/a9Tf6ZG3veo/A7ZVsYrSA6J8ny9nb3B1VrpkuN+z9OE5wfE5p6H4LchYZsegiQgbJD94ZFQ==",
      "dependencies": {
        "lru-cache": "^6.0.0"
      },
      "bin": {
        "semver": "bin/semver.js"
      },
      "engines": {
        "node": ">=10"
      }
    },
    "node_modules/shimmer": {
      "version": "1.2.1",
      "resolved": "https://registry.npmjs.org/shimmer/-/shimmer-1.2.1.tgz",
      "integrity": "sha512-sQTKC1Re/rM6XyFM6fIAGHRPVGvyXfgzIDvzoq608vM+jeyVD0Tu1E6Np0Kc2zAIFWIj963V2800iF/9LPieQw=="
    },
    "node_modules/supports-color": {
      "version": "7.2.0",
      "resolved": "https://registry.npmjs.org/supports-color/-/supports-color-7.2.0.tgz",
      "integrity": "sha512-qpCAvRl9stuOHveKsn7HncJRvv501qIacKzQlO/+Lwxc9+0q2wLyv4Dfvt80/DPn2pqOBsJdDiogXGR9+OvwRw==",
      "dependencies": {
        "has-flag": "^4.0.0"
      },
      "engines": {
        "node": ">=8"
      }
    },
    "node_modules/tslib": {
      "version": "2.2.0",
      "resolved": "https://registry.npmjs.org/tslib/-/tslib-2.2.0.tgz",
      "integrity": "sha512-gS9GVHRU+RGn5KQM2rllAlR3dU6m7AcpJKdtH8gFvQiC4Otgk98XnmMU+nZenHt/+VhnBPWwgrJsyrdcw6i23w=="
    },
    "node_modules/uuid": {
      "version": "8.3.2",
      "resolved": "https://registry.npmjs.org/uuid/-/uuid-8.3.2.tgz",
      "integrity": "sha512-+NYs2QeMWy+GWFOEm9xnn6HCDp0l7QBD7ml8zLUmJ+93Q5NF0NocErnwkTkXVFNiX3/fpC6afS8Dhb/gz7R7eg==",
      "bin": {
        "uuid": "dist/bin/uuid"
      }
    },
    "node_modules/yallist": {
      "version": "4.0.0",
      "resolved": "https://registry.npmjs.org/yallist/-/yallist-4.0.0.tgz",
      "integrity": "sha512-3wdGidZyq5PB084XLES5TpOSRA3wjXAlIWMhum2kRcv/41Sn2emQ0dycQW4uZXLejwKvg6EsvbdlVL+FYEct7A=="
    }
  },
  "dependencies": {
    "@nestjs/common": {
      "version": "7.6.17",
      "resolved": "https://registry.npmjs.org/@nestjs/common/-/common-7.6.17.tgz",
      "integrity": "sha512-RHvD32FxfV7yDWX9GPmn0ZSv7ka5kLeVamU5ZpoXSTUjkGqWFt3MTyIP+HUQD2778kDqT+CgEtVJ1fxDG5Oh9g==",
      "requires": {
        "axios": "0.21.1",
        "iterare": "1.2.1",
        "tslib": "2.2.0",
        "uuid": "8.3.2"
      }
    },
    "@nestjs/core": {
      "version": "7.6.17",
      "resolved": "https://registry.npmjs.org/@nestjs/core/-/core-7.6.17.tgz",
      "integrity": "sha512-dH7PGDj1dvBfOYgxJlxh54vdnFFSLst7+Spg3E7Jpo+n11Ht5Ee5mTjSzXieRVfFba/sI3NIHF/N1stn36bU9w==",
      "requires": {
        "@nuxtjs/opencollective": "0.3.2",
        "fast-safe-stringify": "2.0.7",
        "iterare": "1.2.1",
        "object-hash": "2.1.1",
        "path-to-regexp": "3.2.0",
        "tslib": "2.2.0",
        "uuid": "8.3.2"
      }
    },
    "@nuxtjs/opencollective": {
      "version": "0.3.2",
      "resolved": "https://registry.npmjs.org/@nuxtjs/opencollective/-/opencollective-0.3.2.tgz",
      "integrity": "sha512-um0xL3fO7Mf4fDxcqx9KryrB7zgRM5JSlvGN5AGkP6JLM5XEKyjeAiPbNxdXVXQ16isuAhYpvP88NgL2BGd6aA==",
      "requires": {
        "chalk": "^4.1.0",
        "consola": "^2.15.0",
        "node-fetch": "^2.6.1"
      }
    },
    "@opentelemetry/api": {
      "version": "0.20.0",
      "resolved": "https://registry.npmjs.org/@opentelemetry/api/-/api-0.20.0.tgz",
      "integrity": "sha512-n06MtDYEc2H07S/NTvGMlxF2Ijp0YbNrI/rBgLcxpEh3hxOkPZA12gxlUoZkBHWCZYau2j3b/uL+QFpiQKOjSw=="
    },
    "@opentelemetry/api-metrics": {
      "version": "0.20.0",
      "resolved": "https://registry.npmjs.org/@opentelemetry/api-metrics/-/api-metrics-0.20.0.tgz",
      "integrity": "sha512-S/OeOuk5W8nlv2dp4JQmIzZvafpOKhEb4j9gWdWQaM0+U+Cv+yQlboeTQHFcpj5obwJ7AzTHrwnL6ApV8dtmuw==",
      "requires": {}
    },
    "@opentelemetry/context-async-hooks": {
      "version": "0.20.0",
      "resolved": "https://registry.npmjs.org/@opentelemetry/context-async-hooks/-/context-async-hooks-0.20.0.tgz",
      "integrity": "sha512-4cuTIPpufWRDdShtvT0c30/jHfO9eXzUh6tU087J8aO8J/hckyCIlN03eB7pfqPwQzLnWONGdHOpGjLSY7q4tg==",
      "requires": {}
    },
    "@opentelemetry/core": {
      "version": "0.20.0",
      "resolved": "https://registry.npmjs.org/@opentelemetry/core/-/core-0.20.0.tgz",
      "integrity": "sha512-09zQqB4vp2jcyBnglA/TFklDQoVgWrFKtr9pDm0q3Oa1bD2Hwpq+JapBAw18YdMQsLNQM/qsXhFlS3gFDVEy4A==",
      "requires": {
        "@opentelemetry/semantic-conventions": "0.20.0",
        "semver": "^7.1.3"
      }
    },
    "@opentelemetry/instrumentation": {
      "version": "0.20.0",
      "resolved": "https://registry.npmjs.org/@opentelemetry/instrumentation/-/instrumentation-0.20.0.tgz",
      "integrity": "sha512-Ts8Xzo95oS6DVusYKHogr0ZiG/dQg2eBgWX6POOPv9uTk47Q1Z6TcN29/eC6BG+aH+eNHpdMey166hzpX86euw==",
      "requires": {
        "@opentelemetry/api-metrics": "0.20.0",
        "require-in-the-middle": "^5.0.3",
        "semver": "^7.3.2",
        "shimmer": "^1.2.1"
      }
    },
    "@opentelemetry/metrics": {
      "version": "0.20.0",
      "resolved": "https://registry.npmjs.org/@opentelemetry/metrics/-/metrics-0.20.0.tgz",
      "integrity": "sha512-1jqtRvI+AdRIG+Up8njOgooOxa570uoWTKgokanllcCRp2gOOnkgLQ8YQhbArX0F4Xi2FHYe7o5vDO3J0Aj5kA==",
      "requires": {
        "@opentelemetry/api-metrics": "0.20.0",
        "@opentelemetry/core": "0.20.0",
        "@opentelemetry/resources": "0.20.0",
        "lodash.merge": "^4.6.2"
      }
    },
    "@opentelemetry/node": {
      "version": "0.20.0",
      "resolved": "https://registry.npmjs.org/@opentelemetry/node/-/node-0.20.0.tgz",
      "integrity": "sha512-MVwnH/AoHQTz1jOhJTYXoAoQD4CA/3L7QQkiiA93f6QGaWKIHjI/+3fUtA/GCfPR9Kf0sItQ/aag8KtCJClPCw==",
      "requires": {
        "@opentelemetry/context-async-hooks": "0.20.0",
        "@opentelemetry/core": "0.20.0",
        "@opentelemetry/propagator-b3": "0.20.0",
        "@opentelemetry/propagator-jaeger": "0.20.0",
        "@opentelemetry/tracing": "0.20.0",
        "semver": "^7.1.3"
      }
    },
    "@opentelemetry/propagator-b3": {
      "version": "0.20.0",
      "resolved": "https://registry.npmjs.org/@opentelemetry/propagator-b3/-/propagator-b3-0.20.0.tgz",
      "integrity": "sha512-TGI2D45oUVlbXVEWDedqxwO0WUtzchN/tuYghEHjRTNcVLLKT2ci9JwzHormC+ls98SYPDfvuzpB0+ParoexPQ==",
      "requires": {
        "@opentelemetry/core": "0.20.0"
      }
    },
    "@opentelemetry/propagator-jaeger": {
      "version": "0.20.0",
      "resolved": "https://registry.npmjs.org/@opentelemetry/propagator-jaeger/-/propagator-jaeger-0.20.0.tgz",
      "integrity": "sha512-6kdnd1ePADx4XDaFw4Ea47fdIZohhJbd30Fc4yvl0DO+RR5WEAiAho0IsoTj6L/qvOb/+LAfvjvdk2UOXgb/3Q==",
      "requires": {
        "@opentelemetry/core": "0.20.0"
      }
    },
    "@opentelemetry/resource-detector-aws": {
      "version": "0.20.0",
      "resolved": "https://registry.npmjs.org/@opentelemetry/resource-detector-aws/-/resource-detector-aws-0.20.0.tgz",
      "integrity": "sha512-Mtrxx9Uf9C1RiZrnajiscJJZI9hka4kio4Aes7MZ9EPo0C+92oPVN/sn4Wlr4eVLa5oE3gOgulSPAAQWb0G7kg==",
      "requires": {
        "@opentelemetry/core": "0.20.0",
        "@opentelemetry/resources": "0.20.0",
        "@opentelemetry/semantic-conventions": "0.20.0"
      }
    },
    "@opentelemetry/resource-detector-gcp": {
      "version": "0.20.0",
      "resolved": "https://registry.npmjs.org/@opentelemetry/resource-detector-gcp/-/resource-detector-gcp-0.20.0.tgz",
      "integrity": "sha512-+vD25qCtnChNgd1HeQFgm3olTOYqchwogszyWS//6KaM2If3SIs+5pWi4Gll8fHzGPaV5Qa2RFPPhKXrEhD3cw==",
      "requires": {
        "@opentelemetry/resources": "0.20.0",
        "@opentelemetry/semantic-conventions": "0.20.0",
        "gcp-metadata": "^4.1.4",
        "semver": "7.3.5"
      }
    },
    "@opentelemetry/resources": {
      "version": "0.20.0",
      "resolved": "https://registry.npmjs.org/@opentelemetry/resources/-/resources-0.20.0.tgz",
      "integrity": "sha512-nnd3vIM+A9ih6kOVBc2CF5NkTYmdNci5aQ+A5lQjf3HqjEptcGubpg1J1Q84LSFVoITvuH2O6+GhPBrdxYBt8g==",
      "requires": {
        "@opentelemetry/core": "0.20.0",
        "@opentelemetry/semantic-conventions": "0.20.0"
      }
    },
    "@opentelemetry/sdk-node": {
      "version": "0.20.0",
      "resolved": "https://registry.npmjs.org/@opentelemetry/sdk-node/-/sdk-node-0.20.0.tgz",
      "integrity": "sha512-jSG9Bshsjx4hGXR9lb6XwVWhpPaj0yKqlca/0k6BxXVTmCLpAz9mmVarbzLGUvzvTPu5LtUriqcL2f4iRMvKAA==",
      "requires": {
        "@opentelemetry/api-metrics": "0.20.0",
        "@opentelemetry/core": "0.20.0",
        "@opentelemetry/instrumentation": "0.20.0",
        "@opentelemetry/metrics": "0.20.0",
        "@opentelemetry/node": "0.20.0",
        "@opentelemetry/resource-detector-aws": "0.20.0",
        "@opentelemetry/resource-detector-gcp": "0.20.0",
        "@opentelemetry/resources": "0.20.0",
        "@opentelemetry/tracing": "0.20.0"
      }
    },
    "@opentelemetry/semantic-conventions": {
      "version": "0.20.0",
      "resolved": "https://registry.npmjs.org/@opentelemetry/semantic-conventions/-/semantic-conventions-0.20.0.tgz",
      "integrity": "sha512-x40C3vQMttFlnNEfhFwO49jHrY6AoWnntL35TCem3LINr/aw1W0hGhdKY/zweC64CBJEyiHumaae480rqF8eOA=="
    },
    "@opentelemetry/tracing": {
      "version": "0.20.0",
      "resolved": "https://registry.npmjs.org/@opentelemetry/tracing/-/tracing-0.20.0.tgz",
      "integrity": "sha512-8ZIH0IBxIucgza0BFNiCCLByUsvu45Dm5k292RlO/E8Z1q/J7otJmh9r/EkaFb0ZSyjNdawmJ1CXnlU7+IQN1w==",
      "requires": {
        "@opentelemetry/core": "0.20.0",
        "@opentelemetry/resources": "0.20.0",
        "@opentelemetry/semantic-conventions": "0.20.0",
        "lodash.merge": "^4.6.2"
      }
    },
    "@types/node": {
      "version": "15.12.1",
      "resolved": "https://registry.npmjs.org/@types/node/-/node-15.12.1.tgz",
      "integrity": "sha512-zyxJM8I1c9q5sRMtVF+zdd13Jt6RU4r4qfhTd7lQubyThvLfx6yYekWSQjGCGV2Tkecgxnlpl/DNlb6Hg+dmEw==",
      "dev": true
    },
    "abort-controller": {
      "version": "3.0.0",
      "resolved": "https://registry.npmjs.org/abort-controller/-/abort-controller-3.0.0.tgz",
      "integrity": "sha512-h8lQ8tacZYnR3vNQTgibj+tODHI5/+l06Au2Pcriv/Gmet0eaj4TwWH41sO9wnHDiQsEj19q0drzdWdeAHtweg==",
      "requires": {
        "event-target-shim": "^5.0.0"
      }
    },
    "agent-base": {
      "version": "6.0.2",
      "resolved": "https://registry.npmjs.org/agent-base/-/agent-base-6.0.2.tgz",
      "integrity": "sha512-RZNwNclF7+MS/8bDg70amg32dyeZGZxiDuQmZxKLAlQjr3jGyLx+4Kkk58UO7D2QdgFIQCovuSuZESne6RG6XQ==",
      "requires": {
        "debug": "4"
      }
    },
    "ansi-styles": {
      "version": "4.3.0",
      "resolved": "https://registry.npmjs.org/ansi-styles/-/ansi-styles-4.3.0.tgz",
      "integrity": "sha512-zbB9rCJAT1rbjiVDb2hqKFHNYLxgtk8NURxZ3IZwD3F6NtxbXZQCnnSi1Lkx+IDohdPlFp222wVALIheZJQSEg==",
      "requires": {
        "color-convert": "^2.0.1"
      }
    },
    "axios": {
      "version": "0.21.1",
      "resolved": "https://registry.npmjs.org/axios/-/axios-0.21.1.tgz",
      "integrity": "sha512-dKQiRHxGD9PPRIUNIWvZhPTPpl1rf/OxTYKsqKUDjBwYylTvV7SjSHJb9ratfyzM6wCdLCOYLzs73qpg5c4iGA==",
      "requires": {
        "follow-redirects": "^1.10.0"
      }
    },
    "bignumber.js": {
      "version": "9.0.1",
      "resolved": "https://registry.npmjs.org/bignumber.js/-/bignumber.js-9.0.1.tgz",
      "integrity": "sha512-IdZR9mh6ahOBv/hYGiXyVuyCetmGJhtYkqLBpTStdhEGjegpPlUawydyaF3pbIOFynJTpllEs+NP+CS9jKFLjA=="
    },
    "chalk": {
      "version": "4.1.1",
      "resolved": "https://registry.npmjs.org/chalk/-/chalk-4.1.1.tgz",
      "integrity": "sha512-diHzdDKxcU+bAsUboHLPEDQiw0qEe0qd7SYUn3HgcFlWgbDcfLGswOHYeGrHKzG9z6UYf01d9VFMfZxPM1xZSg==",
      "requires": {
        "ansi-styles": "^4.1.0",
        "supports-color": "^7.1.0"
      }
    },
    "color-convert": {
      "version": "2.0.1",
      "resolved": "https://registry.npmjs.org/color-convert/-/color-convert-2.0.1.tgz",
      "integrity": "sha512-RRECPsj7iu/xb5oKYcsFHSppFNnsj/52OVTRKb4zP5onXwVF3zVmmToNcOfGC+CRDpfK/U584fMg38ZHCaElKQ==",
      "requires": {
        "color-name": "~1.1.4"
      }
    },
    "color-name": {
      "version": "1.1.4",
      "resolved": "https://registry.npmjs.org/color-name/-/color-name-1.1.4.tgz",
      "integrity": "sha512-dOy+3AuW3a2wNbZHIuMZpTcgjGuLU/uBL/ubcZF9OXbDo8ff4O8yVp5Bf0efS8uEoYo5q4Fx7dY9OgQGXgAsQA=="
    },
    "consola": {
      "version": "2.15.3",
      "resolved": "https://registry.npmjs.org/consola/-/consola-2.15.3.tgz",
      "integrity": "sha512-9vAdYbHj6x2fLKC4+oPH0kFzY/orMZyG2Aj+kNylHxKGJ/Ed4dpNyAQYwJOdqO4zdM7XpVHmyejQDcQHrnuXbw=="
    },
    "debug": {
      "version": "4.3.1",
      "resolved": "https://registry.npmjs.org/debug/-/debug-4.3.1.tgz",
      "integrity": "sha512-doEwdvm4PCeK4K3RQN2ZC2BYUBaxwLARCqZmMjtF8a51J2Rb0xpVloFRnCODwqjpwnAoao4pelN8l3RJdv3gRQ==",
      "requires": {
        "ms": "2.1.2"
      }
    },
    "event-target-shim": {
      "version": "5.0.1",
      "resolved": "https://registry.npmjs.org/event-target-shim/-/event-target-shim-5.0.1.tgz",
      "integrity": "sha512-i/2XbnSz/uxRCU6+NdVJgKWDTM427+MqYbkQzD321DuCQJUqOuJKIA0IM2+W2xtYHdKOmZ4dR6fExsd4SXL+WQ=="
    },
    "extend": {
      "version": "3.0.2",
      "resolved": "https://registry.npmjs.org/extend/-/extend-3.0.2.tgz",
      "integrity": "sha512-fjquC59cD7CyW6urNXK0FBufkZcoiGG80wTuPujX590cB5Ttln20E2UB4S/WARVqhXffZl2LNgS+gQdPIIim/g=="
    },
    "fast-safe-stringify": {
      "version": "2.0.7",
      "resolved": "https://registry.npmjs.org/fast-safe-stringify/-/fast-safe-stringify-2.0.7.tgz",
      "integrity": "sha512-Utm6CdzT+6xsDk2m8S6uL8VHxNwI6Jub+e9NYTcAms28T84pTa25GJQV9j0CY0N1rM8hK4x6grpF2BQf+2qwVA=="
    },
    "follow-redirects": {
      "version": "1.14.1",
      "resolved": "https://registry.npmjs.org/follow-redirects/-/follow-redirects-1.14.1.tgz",
      "integrity": "sha512-HWqDgT7ZEkqRzBvc2s64vSZ/hfOceEol3ac/7tKwzuvEyWx3/4UegXh5oBOIotkGsObyk3xznnSRVADBgWSQVg=="
    },
    "function-bind": {
      "version": "1.1.1",
      "resolved": "https://registry.npmjs.org/function-bind/-/function-bind-1.1.1.tgz",
      "integrity": "sha512-yIovAzMX49sF8Yl58fSCWJ5svSLuaibPxXQJFLmBObTuCr0Mf1KiPopGM9NiFjiYBCbfaa2Fh6breQ6ANVTI0A=="
    },
    "gaxios": {
      "version": "4.3.0",
      "resolved": "https://registry.npmjs.org/gaxios/-/gaxios-4.3.0.tgz",
      "integrity": "sha512-pHplNbslpwCLMyII/lHPWFQbJWOX0B3R1hwBEOvzYi1GmdKZruuEHK4N9V6f7tf1EaPYyF80mui1+344p6SmLg==",
      "requires": {
        "abort-controller": "^3.0.0",
        "extend": "^3.0.2",
        "https-proxy-agent": "^5.0.0",
        "is-stream": "^2.0.0",
        "node-fetch": "^2.3.0"
      }
    },
    "gcp-metadata": {
      "version": "4.2.1",
      "resolved": "https://registry.npmjs.org/gcp-metadata/-/gcp-metadata-4.2.1.tgz",
      "integrity": "sha512-tSk+REe5iq/N+K+SK1XjZJUrFPuDqGZVzCy2vocIHIGmPlTGsa8owXMJwGkrXr73NO0AzhPW4MF2DEHz7P2AVw==",
      "requires": {
        "gaxios": "^4.0.0",
        "json-bigint": "^1.0.0"
      }
    },
    "has": {
      "version": "1.0.3",
      "resolved": "https://registry.npmjs.org/has/-/has-1.0.3.tgz",
      "integrity": "sha512-f2dvO0VU6Oej7RkWJGrehjbzMAjFp5/VKPp5tTpWIV4JHHZK1/BxbFRtf/siA2SWTe09caDmVtYYzWEIbBS4zw==",
      "requires": {
        "function-bind": "^1.1.1"
      }
    },
    "has-flag": {
      "version": "4.0.0",
      "resolved": "https://registry.npmjs.org/has-flag/-/has-flag-4.0.0.tgz",
      "integrity": "sha512-EykJT/Q1KjTWctppgIAgfSO0tKVuZUjhgMr17kqTumMl6Afv3EISleU7qZUzoXDFTAHTDC4NOoG/ZxU3EvlMPQ=="
    },
    "https-proxy-agent": {
      "version": "5.0.0",
      "resolved": "https://registry.npmjs.org/https-proxy-agent/-/https-proxy-agent-5.0.0.tgz",
      "integrity": "sha512-EkYm5BcKUGiduxzSt3Eppko+PiNWNEpa4ySk9vTC6wDsQJW9rHSa+UhGNJoRYp7bz6Ht1eaRIa6QaJqO5rCFbA==",
      "requires": {
        "agent-base": "6",
        "debug": "4"
      }
    },
    "is-core-module": {
      "version": "2.4.0",
      "resolved": "https://registry.npmjs.org/is-core-module/-/is-core-module-2.4.0.tgz",
      "integrity": "sha512-6A2fkfq1rfeQZjxrZJGerpLCTHRNEBiSgnu0+obeJpEPZRUooHgsizvzv0ZjJwOz3iWIHdJtVWJ/tmPr3D21/A==",
      "requires": {
        "has": "^1.0.3"
      }
    },
    "is-stream": {
      "version": "2.0.0",
      "resolved": "https://registry.npmjs.org/is-stream/-/is-stream-2.0.0.tgz",
      "integrity": "sha512-XCoy+WlUr7d1+Z8GgSuXmpuUFC9fOhRXglJMx+dwLKTkL44Cjd4W1Z5P+BQZpr+cR93aGP4S/s7Ftw6Nd/kiEw=="
    },
    "iterare": {
      "version": "1.2.1",
      "resolved": "https://registry.npmjs.org/iterare/-/iterare-1.2.1.tgz",
      "integrity": "sha512-RKYVTCjAnRthyJes037NX/IiqeidgN1xc3j1RjFfECFp28A1GVwK9nA+i0rJPaHqSZwygLzRnFlzUuHFoWWy+Q=="
    },
    "json-bigint": {
      "version": "1.0.0",
      "resolved": "https://registry.npmjs.org/json-bigint/-/json-bigint-1.0.0.tgz",
      "integrity": "sha512-SiPv/8VpZuWbvLSMtTDU8hEfrZWg/mH/nV/b4o0CYbSxu1UIQPLdwKOCIyLQX+VIPO5vrLX3i8qtqFyhdPSUSQ==",
      "requires": {
        "bignumber.js": "^9.0.0"
      }
    },
    "lodash.merge": {
      "version": "4.6.2",
      "resolved": "https://registry.npmjs.org/lodash.merge/-/lodash.merge-4.6.2.tgz",
      "integrity": "sha512-0KpjqXRVvrYyCsX1swR/XTK0va6VQkQM6MNo7PqW77ByjAhoARA8EfrP1N4+KlKj8YS0ZUCtRT/YUuhyYDujIQ=="
    },
    "lru-cache": {
      "version": "6.0.0",
      "resolved": "https://registry.npmjs.org/lru-cache/-/lru-cache-6.0.0.tgz",
      "integrity": "sha512-Jo6dJ04CmSjuznwJSS3pUeWmd/H0ffTlkXXgwZi+eq1UCmqQwCh+eLsYOYCwY991i2Fah4h1BEMCx4qThGbsiA==",
      "requires": {
        "yallist": "^4.0.0"
      }
    },
    "module-details-from-path": {
      "version": "1.0.3",
      "resolved": "https://registry.npmjs.org/module-details-from-path/-/module-details-from-path-1.0.3.tgz",
      "integrity": "sha1-EUyUlnPiqKNenTV4hSeqN7Z52is="
    },
    "ms": {
      "version": "2.1.2",
      "resolved": "https://registry.npmjs.org/ms/-/ms-2.1.2.tgz",
      "integrity": "sha512-sGkPx+VjMtmA6MX27oA4FBFELFCZZ4S4XqeGOXCv68tT+jb3vk/RyaKWP0PTKyWtmLSM0b+adUTEvbs1PEaH2w=="
    },
    "node-fetch": {
      "version": "2.6.1",
      "resolved": "https://registry.npmjs.org/node-fetch/-/node-fetch-2.6.1.tgz",
      "integrity": "sha512-V4aYg89jEoVRxRb2fJdAg8FHvI7cEyYdVAh94HH0UIK8oJxUfkjlDQN9RbMx+bEjP7+ggMiFRprSti032Oipxw=="
    },
    "object-hash": {
      "version": "2.1.1",
      "resolved": "https://registry.npmjs.org/object-hash/-/object-hash-2.1.1.tgz",
      "integrity": "sha512-VOJmgmS+7wvXf8CjbQmimtCnEx3IAoLxI3fp2fbWehxrWBcAQFbk+vcwb6vzR0VZv/eNCJ/27j151ZTwqW/JeQ=="
    },
    "path-parse": {
      "version": "1.0.7",
      "resolved": "https://registry.npmjs.org/path-parse/-/path-parse-1.0.7.tgz",
      "integrity": "sha512-LDJzPVEEEPR+y48z93A0Ed0yXb8pAByGWo/k5YYdYgpY2/2EsOsksJrq7lOHxryrVOn1ejG6oAp8ahvOIQD8sw=="
    },
    "path-to-regexp": {
      "version": "3.2.0",
      "resolved": "https://registry.npmjs.org/path-to-regexp/-/path-to-regexp-3.2.0.tgz",
      "integrity": "sha512-jczvQbCUS7XmS7o+y1aEO9OBVFeZBQ1MDSEqmO7xSoPgOPoowY/SxLpZ6Vh97/8qHZOteiCKb7gkG9gA2ZUxJA=="
    },
    "reflect-metadata": {
      "version": "0.1.13",
      "resolved": "https://registry.npmjs.org/reflect-metadata/-/reflect-metadata-0.1.13.tgz",
      "integrity": "sha512-Ts1Y/anZELhSsjMcU605fU9RE4Oi3p5ORujwbIKXfWa+0Zxs510Qrmrce5/Jowq3cHSZSJqBjypxmHarc+vEWg==",
      "peer": true
    },
    "require-in-the-middle": {
      "version": "5.1.0",
      "resolved": "https://registry.npmjs.org/require-in-the-middle/-/require-in-the-middle-5.1.0.tgz",
      "integrity": "sha512-M2rLKVupQfJ5lf9OvqFGIT+9iVLnTmjgbOmpil12hiSQNn5zJTKGPoIisETNjfK+09vP3rpm1zJajmErpr2sEQ==",
      "requires": {
        "debug": "^4.1.1",
        "module-details-from-path": "^1.0.3",
        "resolve": "^1.12.0"
      }
    },
    "resolve": {
      "version": "1.20.0",
      "resolved": "https://registry.npmjs.org/resolve/-/resolve-1.20.0.tgz",
      "integrity": "sha512-wENBPt4ySzg4ybFQW2TT1zMQucPK95HSh/nq2CFTZVOGut2+pQvSsgtda4d26YrYcr067wjbmzOG8byDPBX63A==",
      "requires": {
        "is-core-module": "^2.2.0",
        "path-parse": "^1.0.6"
      }
    },
    "rxjs": {
      "version": "6.6.7",
      "resolved": "https://registry.npmjs.org/rxjs/-/rxjs-6.6.7.tgz",
      "integrity": "sha512-hTdwr+7yYNIT5n4AMYp85KA6yw2Va0FLa3Rguvbpa4W3I5xynaBZo41cM3XM+4Q6fRMj3sBYIR1VAmZMXYJvRQ==",
      "peer": true,
      "requires": {
        "tslib": "^1.9.0"
      },
      "dependencies": {
        "tslib": {
          "version": "1.14.1",
          "resolved": "https://registry.npmjs.org/tslib/-/tslib-1.14.1.tgz",
          "integrity": "sha512-Xni35NKzjgMrwevysHTCArtLDpPvye8zV/0E4EyYn43P7/7qvQwPh9BGkHewbMulVntbigmcT7rdX3BNo9wRJg==",
          "peer": true
        }
      }
    },
    "semver": {
      "version": "7.3.5",
      "resolved": "https://registry.npmjs.org/semver/-/semver-7.3.5.tgz",
      "integrity": "sha512-PoeGJYh8HK4BTO/a9Tf6ZG3veo/A7ZVsYrSA6J8ny9nb3B1VrpkuN+z9OE5wfE5p6H4LchYZsegiQgbJD94ZFQ==",
      "requires": {
        "lru-cache": "^6.0.0"
      }
    },
    "shimmer": {
      "version": "1.2.1",
      "resolved": "https://registry.npmjs.org/shimmer/-/shimmer-1.2.1.tgz",
      "integrity": "sha512-sQTKC1Re/rM6XyFM6fIAGHRPVGvyXfgzIDvzoq608vM+jeyVD0Tu1E6Np0Kc2zAIFWIj963V2800iF/9LPieQw=="
    },
    "supports-color": {
      "version": "7.2.0",
      "resolved": "https://registry.npmjs.org/supports-color/-/supports-color-7.2.0.tgz",
      "integrity": "sha512-qpCAvRl9stuOHveKsn7HncJRvv501qIacKzQlO/+Lwxc9+0q2wLyv4Dfvt80/DPn2pqOBsJdDiogXGR9+OvwRw==",
      "requires": {
        "has-flag": "^4.0.0"
      }
    },
    "tslib": {
      "version": "2.2.0",
      "resolved": "https://registry.npmjs.org/tslib/-/tslib-2.2.0.tgz",
      "integrity": "sha512-gS9GVHRU+RGn5KQM2rllAlR3dU6m7AcpJKdtH8gFvQiC4Otgk98XnmMU+nZenHt/+VhnBPWwgrJsyrdcw6i23w=="
    },
    "uuid": {
      "version": "8.3.2",
      "resolved": "https://registry.npmjs.org/uuid/-/uuid-8.3.2.tgz",
      "integrity": "sha512-+NYs2QeMWy+GWFOEm9xnn6HCDp0l7QBD7ml8zLUmJ+93Q5NF0NocErnwkTkXVFNiX3/fpC6afS8Dhb/gz7R7eg=="
    },
    "yallist": {
      "version": "4.0.0",
      "resolved": "https://registry.npmjs.org/yallist/-/yallist-4.0.0.tgz",
      "integrity": "sha512-3wdGidZyq5PB084XLES5TpOSRA3wjXAlIWMhum2kRcv/41Sn2emQ0dycQW4uZXLejwKvg6EsvbdlVL+FYEct7A=="
    }
  }
}
